
Microsoft Visual Studio Solution File, Format Version 12.00
# Visual Studio Version 17
VisualStudioVersion = 17.5.33424.131
MinimumVisualStudioVersion = 10.0.40219.1
Project("{FAE04EC0-301F-11D3-BF4B-00C04F79EFBC}") = "ConsoleApp19", "ConsoleApp19\ConsoleApp19.csproj", "{F1BC4F61-91EC-4C65-8CBD-2BD3F6F9FDF5}"
EndProject
Global
	GlobalSection(SolutionConfigurationPlatforms) = preSolution
		Debug|Any CPU = Debug|Any CPU
		Release|Any CPU = Release|Any CPU
	EndGlobalSection
	GlobalSection(ProjectConfigurationPlatforms) = postSolution
		{F1BC4F61-91EC-4C65-8CBD-2BD3F6F9FDF5}.Debug|Any CPU.ActiveCfg = Debug|Any CPU
		{F1BC4F61-91EC-4C65-8CBD-2BD3F6F9FDF5}.Debug|Any CPU.Build.0 = Debug|Any CPU
		{F1BC4F61-91EC-4C65-8CBD-2BD3F6F9FDF5}.Release|Any CPU.ActiveCfg = Release|Any CPU
		{F1BC4F61-91EC-4C65-8CBD-2BD3F6F9FDF5}.Release|Any CPU.Build.0 = Release|Any CPU
	EndGlobalSection
	GlobalSection(SolutionProperties) = preSolution
		HideSolutionNode = FALSE
	EndGlobalSection
	GlobalSection(ExtensibilityGlobals) = postSolution
		SolutionGuid = {28799F3B-4D86-470B-8455-68DA3EAC3C81}
	EndGlobalSection
EndGlobal
